
Microsoft Visual Studio Solution File, Format Version 12.00
# Visual Studio Version 17
VisualStudioVersion = 17.12.35707.178
MinimumVisualStudioVersion = 10.0.40219.1
Project("{FAE04EC0-301F-11D3-BF4B-00C04F79EFBC}") = "Soft", "Soft\Soft.csproj", "{585506A9-1C3E-45EF-953F-B57ED268D33A}"
EndProject
Project("{FAE04EC0-301F-11D3-BF4B-00C04F79EFBC}") = "Domain", "Domain\Domain.csproj", "{00710173-8B75-41C4-82B3-D4ED08D0D792}"
EndProject
Project("{FAE04EC0-301F-11D3-BF4B-00C04F79EFBC}") = "Infra", "Infra\Infra.csproj", "{E6BA87C0-2056-4D05-986C-53BBED33A869}"
EndProject
Project("{FAE04EC0-301F-11D3-BF4B-00C04F79EFBC}") = "Aids", "Aids\Aids.csproj", "{A94C26DF-97B2-414C-B9B9-1B09A52D2761}"
EndProject
Project("{FAE04EC0-301F-11D3-BF4B-00C04F79EFBC}") = "Core", "Core\Core.csproj", "{3CC501FF-86B5-4EF4-ACAE-156F5EA20664}"
EndProject
Project("{FAE04EC0-301F-11D3-BF4B-00C04F79EFBC}") = "Tests", "Tests\Tests.csproj", "{0CF49516-D4AC-4A47-9518-29CE379E9B22}"
EndProject
Project("{FAE04EC0-301F-11D3-BF4B-00C04F79EFBC}") = "Facade", "Facade\Facade.csproj", "{7397D395-F6BB-4B79-85D3-94807FA03D50}"
EndProject
Project("{FAE04EC0-301F-11D3-BF4B-00C04F79EFBC}") = "Data", "Data\Data.csproj", "{54C4C6E6-0E93-4A99-A814-A0624270CEC7}"
EndProject
Project("{FAE04EC0-301F-11D3-BF4B-00C04F79EFBC}") = "Helpers", "Helpers\Helpers.csproj", "{0926FD2F-0DC1-4A53-A5AD-61EFABC35877}"
EndProject
Global
	GlobalSection(SolutionConfigurationPlatforms) = preSolution
		Debug|Any CPU = Debug|Any CPU
		Debug|x64 = Debug|x64
		Debug|x86 = Debug|x86
		Release|Any CPU = Release|Any CPU
		Release|x64 = Release|x64
		Release|x86 = Release|x86
	EndGlobalSection
	GlobalSection(ProjectConfigurationPlatforms) = postSolution
		{585506A9-1C3E-45EF-953F-B57ED268D33A}.Debug|Any CPU.ActiveCfg = Debug|Any CPU
		{585506A9-1C3E-45EF-953F-B57ED268D33A}.Debug|Any CPU.Build.0 = Debug|Any CPU
		{585506A9-1C3E-45EF-953F-B57ED268D33A}.Debug|x64.ActiveCfg = Debug|Any CPU
		{585506A9-1C3E-45EF-953F-B57ED268D33A}.Debug|x64.Build.0 = Debug|Any CPU
		{585506A9-1C3E-45EF-953F-B57ED268D33A}.Debug|x86.ActiveCfg = Debug|Any CPU
		{585506A9-1C3E-45EF-953F-B57ED268D33A}.Debug|x86.Build.0 = Debug|Any CPU
		{585506A9-1C3E-45EF-953F-B57ED268D33A}.Release|Any CPU.ActiveCfg = Release|Any CPU
		{585506A9-1C3E-45EF-953F-B57ED268D33A}.Release|Any CPU.Build.0 = Release|Any CPU
		{585506A9-1C3E-45EF-953F-B57ED268D33A}.Release|x64.ActiveCfg = Release|Any CPU
		{585506A9-1C3E-45EF-953F-B57ED268D33A}.Release|x64.Build.0 = Release|Any CPU
		{585506A9-1C3E-45EF-953F-B57ED268D33A}.Release|x86.ActiveCfg = Release|Any CPU
		{585506A9-1C3E-45EF-953F-B57ED268D33A}.Release|x86.Build.0 = Release|Any CPU
		{00710173-8B75-41C4-82B3-D4ED08D0D792}.Debug|Any CPU.ActiveCfg = Debug|Any CPU
		{00710173-8B75-41C4-82B3-D4ED08D0D792}.Debug|Any CPU.Build.0 = Debug|Any CPU
		{00710173-8B75-41C4-82B3-D4ED08D0D792}.Debug|x64.ActiveCfg = Debug|Any CPU
		{00710173-8B75-41C4-82B3-D4ED08D0D792}.Debug|x64.Build.0 = Debug|Any CPU
		{00710173-8B75-41C4-82B3-D4ED08D0D792}.Debug|x86.ActiveCfg = Debug|Any CPU
		{00710173-8B75-41C4-82B3-D4ED08D0D792}.Debug|x86.Build.0 = Debug|Any CPU
		{00710173-8B75-41C4-82B3-D4ED08D0D792}.Release|Any CPU.ActiveCfg = Release|Any CPU
		{00710173-8B75-41C4-82B3-D4ED08D0D792}.Release|Any CPU.Build.0 = Release|Any CPU
		{00710173-8B75-41C4-82B3-D4ED08D0D792}.Release|x64.ActiveCfg = Release|Any CPU
		{00710173-8B75-41C4-82B3-D4ED08D0D792}.Release|x64.Build.0 = Release|Any CPU
		{00710173-8B75-41C4-82B3-D4ED08D0D792}.Release|x86.ActiveCfg = Release|Any CPU
		{00710173-8B75-41C4-82B3-D4ED08D0D792}.Release|x86.Build.0 = Release|Any CPU
		{E6BA87C0-2056-4D05-986C-53BBED33A869}.Debug|Any CPU.ActiveCfg = Debug|Any CPU
		{E6BA87C0-2056-4D05-986C-53BBED33A869}.Debug|Any CPU.Build.0 = Debug|Any CPU
		{E6BA87C0-2056-4D05-986C-53BBED33A869}.Debug|x64.ActiveCfg = Debug|Any CPU
		{E6BA87C0-2056-4D05-986C-53BBED33A869}.Debug|x64.Build.0 = Debug|Any CPU
		{E6BA87C0-2056-4D05-986C-53BBED33A869}.Debug|x86.ActiveCfg = Debug|Any CPU
		{E6BA87C0-2056-4D05-986C-53BBED33A869}.Debug|x86.Build.0 = Debug|Any CPU
		{E6BA87C0-2056-4D05-986C-53BBED33A869}.Release|Any CPU.ActiveCfg = Release|Any CPU
		{E6BA87C0-2056-4D05-986C-53BBED33A869}.Release|Any CPU.Build.0 = Release|Any CPU
		{E6BA87C0-2056-4D05-986C-53BBED33A869}.Release|x64.ActiveCfg = Release|Any CPU
		{E6BA87C0-2056-4D05-986C-53BBED33A869}.Release|x64.Build.0 = Release|Any CPU
		{E6BA87C0-2056-4D05-986C-53BBED33A869}.Release|x86.ActiveCfg = Release|Any CPU
		{E6BA87C0-2056-4D05-986C-53BBED33A869}.Release|x86.Build.0 = Release|Any CPU
		{A94C26DF-97B2-414C-B9B9-1B09A52D2761}.Debug|Any CPU.ActiveCfg = Debug|Any CPU
		{A94C26DF-97B2-414C-B9B9-1B09A52D2761}.Debug|Any CPU.Build.0 = Debug|Any CPU
		{A94C26DF-97B2-414C-B9B9-1B09A52D2761}.Debug|x64.ActiveCfg = Debug|Any CPU
		{A94C26DF-97B2-414C-B9B9-1B09A52D2761}.Debug|x64.Build.0 = Debug|Any CPU
		{A94C26DF-97B2-414C-B9B9-1B09A52D2761}.Debug|x86.ActiveCfg = Debug|Any CPU
		{A94C26DF-97B2-414C-B9B9-1B09A52D2761}.Debug|x86.Build.0 = Debug|Any CPU
		{A94C26DF-97B2-414C-B9B9-1B09A52D2761}.Release|Any CPU.ActiveCfg = Release|Any CPU
		{A94C26DF-97B2-414C-B9B9-1B09A52D2761}.Release|Any CPU.Build.0 = Release|Any CPU
		{A94C26DF-97B2-414C-B9B9-1B09A52D2761}.Release|x64.ActiveCfg = Release|Any CPU
		{A94C26DF-97B2-414C-B9B9-1B09A52D2761}.Release|x64.Build.0 = Release|Any CPU
		{A94C26DF-97B2-414C-B9B9-1B09A52D2761}.Release|x86.ActiveCfg = Release|Any CPU
		{A94C26DF-97B2-414C-B9B9-1B09A52D2761}.Release|x86.Build.0 = Release|Any CPU
		{3CC501FF-86B5-4EF4-ACAE-156F5EA20664}.Debug|Any CPU.ActiveCfg = Debug|Any CPU
		{3CC501FF-86B5-4EF4-ACAE-156F5EA20664}.Debug|Any CPU.Build.0 = Debug|Any CPU
		{3CC501FF-86B5-4EF4-ACAE-156F5EA20664}.Debug|x64.ActiveCfg = Debug|Any CPU
		{3CC501FF-86B5-4EF4-ACAE-156F5EA20664}.Debug|x64.Build.0 = Debug|Any CPU
		{3CC501FF-86B5-4EF4-ACAE-156F5EA20664}.Debug|x86.ActiveCfg = Debug|Any CPU
		{3CC501FF-86B5-4EF4-ACAE-156F5EA20664}.Debug|x86.Build.0 = Debug|Any CPU
		{3CC501FF-86B5-4EF4-ACAE-156F5EA20664}.Release|Any CPU.ActiveCfg = Release|Any CPU
		{3CC501FF-86B5-4EF4-ACAE-156F5EA20664}.Release|Any CPU.Build.0 = Release|Any CPU
		{3CC501FF-86B5-4EF4-ACAE-156F5EA20664}.Release|x64.ActiveCfg = Release|Any CPU
		{3CC501FF-86B5-4EF4-ACAE-156F5EA20664}.Release|x64.Build.0 = Release|Any CPU
		{3CC501FF-86B5-4EF4-ACAE-156F5EA20664}.Release|x86.ActiveCfg = Release|Any CPU
		{3CC501FF-86B5-4EF4-ACAE-156F5EA20664}.Release|x86.Build.0 = Release|Any CPU
		{0CF49516-D4AC-4A47-9518-29CE379E9B22}.Debug|Any CPU.ActiveCfg = Debug|Any CPU
		{0CF49516-D4AC-4A47-9518-29CE379E9B22}.Debug|Any CPU.Build.0 = Debug|Any CPU
		{0CF49516-D4AC-4A47-9518-29CE379E9B22}.Debug|x64.ActiveCfg = Debug|Any CPU
		{0CF49516-D4AC-4A47-9518-29CE379E9B22}.Debug|x64.Build.0 = Debug|Any CPU
		{0CF49516-D4AC-4A47-9518-29CE379E9B22}.Debug|x86.ActiveCfg = Debug|Any CPU
		{0CF49516-D4AC-4A47-9518-29CE379E9B22}.Debug|x86.Build.0 = Debug|Any CPU
		{0CF49516-D4AC-4A47-9518-29CE379E9B22}.Release|Any CPU.ActiveCfg = Release|Any CPU
		{0CF49516-D4AC-4A47-9518-29CE379E9B22}.Release|Any CPU.Build.0 = Release|Any CPU
		{0CF49516-D4AC-4A47-9518-29CE379E9B22}.Release|x64.ActiveCfg = Release|Any CPU
		{0CF49516-D4AC-4A47-9518-29CE379E9B22}.Release|x64.Build.0 = Release|Any CPU
		{0CF49516-D4AC-4A47-9518-29CE379E9B22}.Release|x86.ActiveCfg = Release|Any CPU
		{0CF49516-D4AC-4A47-9518-29CE379E9B22}.Release|x86.Build.0 = Release|Any CPU
		{7397D395-F6BB-4B79-85D3-94807FA03D50}.Debug|Any CPU.ActiveCfg = Debug|Any CPU
		{7397D395-F6BB-4B79-85D3-94807FA03D50}.Debug|Any CPU.Build.0 = Debug|Any CPU
		{7397D395-F6BB-4B79-85D3-94807FA03D50}.Debug|x64.ActiveCfg = Debug|Any CPU
		{7397D395-F6BB-4B79-85D3-94807FA03D50}.Debug|x64.Build.0 = Debug|Any CPU
		{7397D395-F6BB-4B79-85D3-94807FA03D50}.Debug|x86.ActiveCfg = Debug|Any CPU
		{7397D395-F6BB-4B79-85D3-94807FA03D50}.Debug|x86.Build.0 = Debug|Any CPU
		{7397D395-F6BB-4B79-85D3-94807FA03D50}.Release|Any CPU.ActiveCfg = Release|Any CPU
		{7397D395-F6BB-4B79-85D3-94807FA03D50}.Release|Any CPU.Build.0 = Release|Any CPU
		{7397D395-F6BB-4B79-85D3-94807FA03D50}.Release|x64.ActiveCfg = Release|Any CPU
		{7397D395-F6BB-4B79-85D3-94807FA03D50}.Release|x64.Build.0 = Release|Any CPU
		{7397D395-F6BB-4B79-85D3-94807FA03D50}.Release|x86.ActiveCfg = Release|Any CPU
		{7397D395-F6BB-4B79-85D3-94807FA03D50}.Release|x86.Build.0 = Release|Any CPU
		{54C4C6E6-0E93-4A99-A814-A0624270CEC7}.Debug|Any CPU.ActiveCfg = Debug|Any CPU
		{54C4C6E6-0E93-4A99-A814-A0624270CEC7}.Debug|Any CPU.Build.0 = Debug|Any CPU
		{54C4C6E6-0E93-4A99-A814-A0624270CEC7}.Debug|x64.ActiveCfg = Debug|Any CPU
		{54C4C6E6-0E93-4A99-A814-A0624270CEC7}.Debug|x64.Build.0 = Debug|Any CPU
		{54C4C6E6-0E93-4A99-A814-A0624270CEC7}.Debug|x86.ActiveCfg = Debug|Any CPU
		{54C4C6E6-0E93-4A99-A814-A0624270CEC7}.Debug|x86.Build.0 = Debug|Any CPU
		{54C4C6E6-0E93-4A99-A814-A0624270CEC7}.Release|Any CPU.ActiveCfg = Release|Any CPU
		{54C4C6E6-0E93-4A99-A814-A0624270CEC7}.Release|Any CPU.Build.0 = Release|Any CPU
		{54C4C6E6-0E93-4A99-A814-A0624270CEC7}.Release|x64.ActiveCfg = Release|Any CPU
		{54C4C6E6-0E93-4A99-A814-A0624270CEC7}.Release|x64.Build.0 = Release|Any CPU
		{54C4C6E6-0E93-4A99-A814-A0624270CEC7}.Release|x86.ActiveCfg = Release|Any CPU
		{54C4C6E6-0E93-4A99-A814-A0624270CEC7}.Release|x86.Build.0 = Release|Any CPU
		{0926FD2F-0DC1-4A53-A5AD-61EFABC35877}.Debug|Any CPU.ActiveCfg = Debug|Any CPU
		{0926FD2F-0DC1-4A53-A5AD-61EFABC35877}.Debug|Any CPU.Build.0 = Debug|Any CPU
		{0926FD2F-0DC1-4A53-A5AD-61EFABC35877}.Debug|x64.ActiveCfg = Debug|Any CPU
		{0926FD2F-0DC1-4A53-A5AD-61EFABC35877}.Debug|x64.Build.0 = Debug|Any CPU
		{0926FD2F-0DC1-4A53-A5AD-61EFABC35877}.Debug|x86.ActiveCfg = Debug|Any CPU
		{0926FD2F-0DC1-4A53-A5AD-61EFABC35877}.Debug|x86.Build.0 = Debug|Any CPU
		{0926FD2F-0DC1-4A53-A5AD-61EFABC35877}.Release|Any CPU.ActiveCfg = Release|Any CPU
		{0926FD2F-0DC1-4A53-A5AD-61EFABC35877}.Release|Any CPU.Build.0 = Release|Any CPU
		{0926FD2F-0DC1-4A53-A5AD-61EFABC35877}.Release|x64.ActiveCfg = Release|Any CPU
		{0926FD2F-0DC1-4A53-A5AD-61EFABC35877}.Release|x64.Build.0 = Release|Any CPU
		{0926FD2F-0DC1-4A53-A5AD-61EFABC35877}.Release|x86.ActiveCfg = Release|Any CPU
		{0926FD2F-0DC1-4A53-A5AD-61EFABC35877}.Release|x86.Build.0 = Release|Any CPU
	EndGlobalSection
	GlobalSection(SolutionProperties) = preSolution
		HideSolutionNode = FALSE
	EndGlobalSection
	GlobalSection(ExtensibilityGlobals) = postSolution
		SolutionGuid = {F1FB978C-CE00-4437-8B3C-6A4A327B190B}
	EndGlobalSection
EndGlobal
